// !$*UTF8*$!
{
	archiveVersion = 1;
	classes = {
	};
	objectVersion = 55;
	objects = {

/* Begin PBXBuildFile section */
		232206E1271C56150064089F /* main.cpp in Sources */ = {isa = PBXBuildFile; fileRef = 232206E0271C56150064089F /* main.cpp */; };
		232F002A27061462002227DD /* NNT.cpp in Sources */ = {isa = PBXBuildFile; fileRef = 232F002827061462002227DD /* NNT.cpp */; };
		233E77F4271726A4008E5F89 /* main.cpp in Sources */ = {isa = PBXBuildFile; fileRef = 233E77F3271726A4008E5F89 /* main.cpp */; };
		2387236927103F4400A9EA67 /* main.cpp in Sources */ = {isa = PBXBuildFile; fileRef = 2387236827103F4400A9EA67 /* main.cpp */; };
		239B574E270DF30A00F8797F /* main.cpp in Sources */ = {isa = PBXBuildFile; fileRef = 239B574D270DF30A00F8797F /* main.cpp */; };
		23BDA6DC270E99CA00A6E929 /* main.cpp in Sources */ = {isa = PBXBuildFile; fileRef = 23BDA6DB270E99CA00A6E929 /* main.cpp */; };
		23FF15D0271B1D2C002956A1 /* main.cpp in Sources */ = {isa = PBXBuildFile; fileRef = 23FF15CF271B1D2C002956A1 /* main.cpp */; };
/* End PBXBuildFile section */

/* Begin PBXCopyFilesBuildPhase section */
		232206DC271C56150064089F /* CopyFiles */ = {
			isa = PBXCopyFilesBuildPhase;
			buildActionMask = 2147483647;
			dstPath = /usr/share/man/man1/;
			dstSubfolderSpec = 0;
			files = (
			);
			runOnlyForDeploymentPostprocessing = 1;
		};
		233E77EF271726A4008E5F89 /* CopyFiles */ = {
			isa = PBXCopyFilesBuildPhase;
			buildActionMask = 2147483647;
			dstPath = /usr/share/man/man1/;
			dstSubfolderSpec = 0;
			files = (
			);
			runOnlyForDeploymentPostprocessing = 1;
		};
		2387236427103F4400A9EA67 /* CopyFiles */ = {
			isa = PBXCopyFilesBuildPhase;
			buildActionMask = 2147483647;
			dstPath = /usr/share/man/man1/;
			dstSubfolderSpec = 0;
			files = (
			);
			runOnlyForDeploymentPostprocessing = 1;
		};
		239B5749270DF30A00F8797F /* CopyFiles */ = {
			isa = PBXCopyFilesBuildPhase;
			buildActionMask = 2147483647;
			dstPath = /usr/share/man/man1/;
			dstSubfolderSpec = 0;
			files = (
			);
			runOnlyForDeploymentPostprocessing = 1;
		};
		23BDA6D7270E99CA00A6E929 /* CopyFiles */ = {
			isa = PBXCopyFilesBuildPhase;
			buildActionMask = 2147483647;
			dstPath = /usr/share/man/man1/;
			dstSubfolderSpec = 0;
			files = (
			);
			runOnlyForDeploymentPostprocessing = 1;
		};
		23BF99B42705E30200EB32C7 /* CopyFiles */ = {
			isa = PBXCopyFilesBuildPhase;
			buildActionMask = 2147483647;
			dstPath = /usr/share/man/man1/;
			dstSubfolderSpec = 0;
			files = (
			);
			runOnlyForDeploymentPostprocessing = 1;
		};
		23FF15CB271B1D2C002956A1 /* CopyFiles */ = {
			isa = PBXCopyFilesBuildPhase;
			buildActionMask = 2147483647;
			dstPath = /usr/share/man/man1/;
			dstSubfolderSpec = 0;
			files = (
			);
			runOnlyForDeploymentPostprocessing = 1;
		};
/* End PBXCopyFilesBuildPhase section */

/* Begin PBXFileReference section */
		232206DE271C56150064089F /* P1586 */ = {isa = PBXFileReference; explicitFileType = "compiled.mach-o.executable"; includeInIndex = 0; path = P1586; sourceTree = BUILT_PRODUCTS_DIR; };
		232206E0271C56150064089F /* main.cpp */ = {isa = PBXFileReference; lastKnownFileType = sourcecode.cpp.cpp; path = main.cpp; sourceTree = "<group>"; };
		232F002827061462002227DD /* NNT.cpp */ = {isa = PBXFileReference; lastKnownFileType = sourcecode.cpp.cpp; path = NNT.cpp; sourceTree = "<group>"; };
		233E77F1271726A4008E5F89 /* CF414B */ = {isa = PBXFileReference; explicitFileType = "compiled.mach-o.executable"; includeInIndex = 0; path = CF414B; sourceTree = BUILT_PRODUCTS_DIR; };
		233E77F3271726A4008E5F89 /* main.cpp */ = {isa = PBXFileReference; lastKnownFileType = sourcecode.cpp.cpp; path = main.cpp; sourceTree = "<group>"; };
		2387236627103F4400A9EA67 /* P1057 */ = {isa = PBXFileReference; explicitFileType = "compiled.mach-o.executable"; includeInIndex = 0; path = P1057; sourceTree = BUILT_PRODUCTS_DIR; };
		2387236827103F4400A9EA67 /* main.cpp */ = {isa = PBXFileReference; lastKnownFileType = sourcecode.cpp.cpp; path = main.cpp; sourceTree = "<group>"; };
		239B574B270DF30A00F8797F /* dp */ = {isa = PBXFileReference; explicitFileType = "compiled.mach-o.executable"; includeInIndex = 0; path = dp; sourceTree = BUILT_PRODUCTS_DIR; };
		239B574D270DF30A00F8797F /* main.cpp */ = {isa = PBXFileReference; lastKnownFileType = sourcecode.cpp.cpp; path = main.cpp; sourceTree = "<group>"; };
		23BDA6D9270E99CA00A6E929 /* P1018 */ = {isa = PBXFileReference; explicitFileType = "compiled.mach-o.executable"; includeInIndex = 0; path = P1018; sourceTree = BUILT_PRODUCTS_DIR; };
		23BDA6DB270E99CA00A6E929 /* main.cpp */ = {isa = PBXFileReference; lastKnownFileType = sourcecode.cpp.cpp; path = main.cpp; sourceTree = "<group>"; };
		23BF99B62705E30200EB32C7 /* Demo */ = {isa = PBXFileReference; explicitFileType = "compiled.mach-o.executable"; includeInIndex = 0; path = Demo; sourceTree = BUILT_PRODUCTS_DIR; };
		23FF15CD271B1D2C002956A1 /* P1077 */ = {isa = PBXFileReference; explicitFileType = "compiled.mach-o.executable"; includeInIndex = 0; path = P1077; sourceTree = BUILT_PRODUCTS_DIR; };
		23FF15CF271B1D2C002956A1 /* main.cpp */ = {isa = PBXFileReference; lastKnownFileType = sourcecode.cpp.cpp; path = main.cpp; sourceTree = "<group>"; };
/* End PBXFileReference section */

/* Begin PBXFrameworksBuildPhase section */
		232206DB271C56150064089F /* Frameworks */ = {
			isa = PBXFrameworksBuildPhase;
			buildActionMask = 2147483647;
			files = (
			);
			runOnlyForDeploymentPostprocessing = 0;
		};
		233E77EE271726A4008E5F89 /* Frameworks */ = {
			isa = PBXFrameworksBuildPhase;
			buildActionMask = 2147483647;
			files = (
			);
			runOnlyForDeploymentPostprocessing = 0;
		};
		2387236327103F4400A9EA67 /* Frameworks */ = {
			isa = PBXFrameworksBuildPhase;
			buildActionMask = 2147483647;
			files = (
			);
			runOnlyForDeploymentPostprocessing = 0;
		};
		239B5748270DF30A00F8797F /* Frameworks */ = {
			isa = PBXFrameworksBuildPhase;
			buildActionMask = 2147483647;
			files = (
			);
			runOnlyForDeploymentPostprocessing = 0;
		};
		23BDA6D6270E99CA00A6E929 /* Frameworks */ = {
			isa = PBXFrameworksBuildPhase;
			buildActionMask = 2147483647;
			files = (
			);
			runOnlyForDeploymentPostprocessing = 0;
		};
		23BF99B32705E30200EB32C7 /* Frameworks */ = {
			isa = PBXFrameworksBuildPhase;
			buildActionMask = 2147483647;
			files = (
			);
			runOnlyForDeploymentPostprocessing = 0;
		};
		23FF15CA271B1D2C002956A1 /* Frameworks */ = {
			isa = PBXFrameworksBuildPhase;
			buildActionMask = 2147483647;
			files = (
			);
			runOnlyForDeploymentPostprocessing = 0;
		};
/* End PBXFrameworksBuildPhase section */

/* Begin PBXGroup section */
		232206DF271C56150064089F /* P1586 */ = {
			isa = PBXGroup;
			children = (
				232206E0271C56150064089F /* main.cpp */,
			);
			path = P1586;
			sourceTree = "<group>";
		};
		233E77F2271726A4008E5F89 /* CF414B */ = {
			isa = PBXGroup;
			children = (
				233E77F3271726A4008E5F89 /* main.cpp */,
			);
			path = CF414B;
			sourceTree = "<group>";
		};
		2387236727103F4400A9EA67 /* P1057 */ = {
			isa = PBXGroup;
			children = (
				2387236827103F4400A9EA67 /* main.cpp */,
			);
			path = P1057;
			sourceTree = "<group>";
		};
		239B574C270DF30A00F8797F /* dp */ = {
			isa = PBXGroup;
			children = (
				239B574D270DF30A00F8797F /* main.cpp */,
			);
			path = dp;
			sourceTree = "<group>";
		};
		23BDA6DA270E99CA00A6E929 /* P1018 */ = {
			isa = PBXGroup;
			children = (
				23BDA6DB270E99CA00A6E929 /* main.cpp */,
			);
			path = P1018;
			sourceTree = "<group>";
		};
		23BF99AD2705E30200EB32C7 = {
			isa = PBXGroup;
			children = (
				23BF99B82705E30200EB32C7 /* Demo */,
				239B574C270DF30A00F8797F /* dp */,
				23BDA6DA270E99CA00A6E929 /* P1018 */,
				2387236727103F4400A9EA67 /* P1057 */,
				233E77F2271726A4008E5F89 /* CF414B */,
				23FF15CE271B1D2C002956A1 /* P1077 */,
				232206DF271C56150064089F /* P1586 */,
				23BF99B72705E30200EB32C7 /* Products */,
			);
			sourceTree = "<group>";
		};
		23BF99B72705E30200EB32C7 /* Products */ = {
			isa = PBXGroup;
			children = (
				23BF99B62705E30200EB32C7 /* Demo */,
				239B574B270DF30A00F8797F /* dp */,
				23BDA6D9270E99CA00A6E929 /* P1018 */,
				2387236627103F4400A9EA67 /* P1057 */,
				233E77F1271726A4008E5F89 /* CF414B */,
				23FF15CD271B1D2C002956A1 /* P1077 */,
				232206DE271C56150064089F /* P1586 */,
			);
			name = Products;
			sourceTree = "<group>";
		};
		23BF99B82705E30200EB32C7 /* Demo */ = {
			isa = PBXGroup;
			children = (
				232F002827061462002227DD /* NNT.cpp */,
			);
			path = Demo;
			sourceTree = "<group>";
		};
		23FF15CE271B1D2C002956A1 /* P1077 */ = {
			isa = PBXGroup;
			children = (
				23FF15CF271B1D2C002956A1 /* main.cpp */,
			);
			path = P1077;
			sourceTree = "<group>";
		};
/* End PBXGroup section */

/* Begin PBXNativeTarget section */
		232206DD271C56150064089F /* P1586 */ = {
			isa = PBXNativeTarget;
			buildConfigurationList = 232206E4271C56150064089F /* Build configuration list for PBXNativeTarget "P1586" */;
			buildPhases = (
				232206DA271C56150064089F /* Sources */,
				232206DB271C56150064089F /* Frameworks */,
				232206DC271C56150064089F /* CopyFiles */,
			);
			buildRules = (
			);
			dependencies = (
			);
			name = P1586;
			productName = P1586;
			productReference = 232206DE271C56150064089F /* P1586 */;
			productType = "com.apple.product-type.tool";
		};
		233E77F0271726A4008E5F89 /* CF414B */ = {
			isa = PBXNativeTarget;
			buildConfigurationList = 233E77F7271726A4008E5F89 /* Build configuration list for PBXNativeTarget "CF414B" */;
			buildPhases = (
				233E77ED271726A4008E5F89 /* Sources */,
				233E77EE271726A4008E5F89 /* Frameworks */,
				233E77EF271726A4008E5F89 /* CopyFiles */,
			);
			buildRules = (
			);
			dependencies = (
			);
			name = CF414B;
			productName = CF414B;
			productReference = 233E77F1271726A4008E5F89 /* CF414B */;
			productType = "com.apple.product-type.tool";
		};
		2387236527103F4400A9EA67 /* P1057 */ = {
			isa = PBXNativeTarget;
			buildConfigurationList = 2387236C27103F4400A9EA67 /* Build configuration list for PBXNativeTarget "P1057" */;
			buildPhases = (
				2387236227103F4400A9EA67 /* Sources */,
				2387236327103F4400A9EA67 /* Frameworks */,
				2387236427103F4400A9EA67 /* CopyFiles */,
			);
			buildRules = (
			);
			dependencies = (
			);
			name = P1057;
			productName = P1057;
			productReference = 2387236627103F4400A9EA67 /* P1057 */;
			productType = "com.apple.product-type.tool";
		};
		239B574A270DF30A00F8797F /* dp */ = {
			isa = PBXNativeTarget;
			buildConfigurationList = 239B574F270DF30A00F8797F /* Build configuration list for PBXNativeTarget "dp" */;
			buildPhases = (
				239B5747270DF30A00F8797F /* Sources */,
				239B5748270DF30A00F8797F /* Frameworks */,
				239B5749270DF30A00F8797F /* CopyFiles */,
			);
			buildRules = (
			);
			dependencies = (
			);
			name = dp;
			productName = dp;
			productReference = 239B574B270DF30A00F8797F /* dp */;
			productType = "com.apple.product-type.tool";
		};
		23BDA6D8270E99CA00A6E929 /* P1018 */ = {
			isa = PBXNativeTarget;
			buildConfigurationList = 23BDA6DF270E99CA00A6E929 /* Build configuration list for PBXNativeTarget "P1018" */;
			buildPhases = (
				23BDA6D5270E99CA00A6E929 /* Sources */,
				23BDA6D6270E99CA00A6E929 /* Frameworks */,
				23BDA6D7270E99CA00A6E929 /* CopyFiles */,
			);
			buildRules = (
			);
			dependencies = (
			);
			name = P1018;
			productName = P1018;
			productReference = 23BDA6D9270E99CA00A6E929 /* P1018 */;
			productType = "com.apple.product-type.tool";
		};
		23BF99B52705E30200EB32C7 /* Demo */ = {
			isa = PBXNativeTarget;
			buildConfigurationList = 23BF99BD2705E30200EB32C7 /* Build configuration list for PBXNativeTarget "Demo" */;
			buildPhases = (
				23BF99B22705E30200EB32C7 /* Sources */,
				23BF99B32705E30200EB32C7 /* Frameworks */,
				23BF99B42705E30200EB32C7 /* CopyFiles */,
			);
			buildRules = (
			);
			dependencies = (
			);
			name = Demo;
			productName = Demo;
			productReference = 23BF99B62705E30200EB32C7 /* Demo */;
			productType = "com.apple.product-type.tool";
		};
		23FF15CC271B1D2C002956A1 /* P1077 */ = {
			isa = PBXNativeTarget;
			buildConfigurationList = 23FF15D3271B1D2C002956A1 /* Build configuration list for PBXNativeTarget "P1077" */;
			buildPhases = (
				23FF15C9271B1D2C002956A1 /* Sources */,
				23FF15CA271B1D2C002956A1 /* Frameworks */,
				23FF15CB271B1D2C002956A1 /* CopyFiles */,
			);
			buildRules = (
			);
			dependencies = (
			);
			name = P1077;
			productName = P1077;
			productReference = 23FF15CD271B1D2C002956A1 /* P1077 */;
			productType = "com.apple.product-type.tool";
		};
/* End PBXNativeTarget section */

/* Begin PBXProject section */
		23BF99AE2705E30200EB32C7 /* Project object */ = {
			isa = PBXProject;
			attributes = {
				BuildIndependentTargetsInParallel = 1;
				LastUpgradeCheck = 1300;
				TargetAttributes = {
					232206DD271C56150064089F = {
						CreatedOnToolsVersion = 13.0;
					};
					233E77F0271726A4008E5F89 = {
						CreatedOnToolsVersion = 13.0;
					};
					2387236527103F4400A9EA67 = {
						CreatedOnToolsVersion = 13.0;
					};
					239B574A270DF30A00F8797F = {
						CreatedOnToolsVersion = 13.0;
					};
					23BDA6D8270E99CA00A6E929 = {
						CreatedOnToolsVersion = 13.0;
					};
					23BF99B52705E30200EB32C7 = {
						CreatedOnToolsVersion = 13.0;
					};
					23FF15CC271B1D2C002956A1 = {
						CreatedOnToolsVersion = 13.0;
					};
				};
			};
			buildConfigurationList = 23BF99B12705E30200EB32C7 /* Build configuration list for PBXProject "Demo" */;
			compatibilityVersion = "Xcode 13.0";
			developmentRegion = en;
			hasScannedForEncodings = 0;
			knownRegions = (
				en,
				Base,
			);
			mainGroup = 23BF99AD2705E30200EB32C7;
			productRefGroup = 23BF99B72705E30200EB32C7 /* Products */;
			projectDirPath = "";
			projectRoot = "";
			targets = (
				23BF99B52705E30200EB32C7 /* Demo */,
				239B574A270DF30A00F8797F /* dp */,
				23BDA6D8270E99CA00A6E929 /* P1018 */,
				2387236527103F4400A9EA67 /* P1057 */,
				233E77F0271726A4008E5F89 /* CF414B */,
				23FF15CC271B1D2C002956A1 /* P1077 */,
				232206DD271C56150064089F /* P1586 */,
			);
		};
/* End PBXProject section */

/* Begin PBXSourcesBuildPhase section */
		232206DA271C56150064089F /* Sources */ = {
			isa = PBXSourcesBuildPhase;
			buildActionMask = 2147483647;
			files = (
				232206E1271C56150064089F /* main.cpp in Sources */,
			);
			runOnlyForDeploymentPostprocessing = 0;
		};
		233E77ED271726A4008E5F89 /* Sources */ = {
			isa = PBXSourcesBuildPhase;
			buildActionMask = 2147483647;
			files = (
				233E77F4271726A4008E5F89 /* main.cpp in Sources */,
			);
			runOnlyForDeploymentPostprocessing = 0;
		};
		2387236227103F4400A9EA67 /* Sources */ = {
			isa = PBXSourcesBuildPhase;
			buildActionMask = 2147483647;
			files = (
				2387236927103F4400A9EA67 /* main.cpp in Sources */,
			);
			runOnlyForDeploymentPostprocessing = 0;
		};
		239B5747270DF30A00F8797F /* Sources */ = {
			isa = PBXSourcesBuildPhase;
			buildActionMask = 2147483647;
			files = (
				239B574E270DF30A00F8797F /* main.cpp in Sources */,
			);
			runOnlyForDeploymentPostprocessing = 0;
		};
		23BDA6D5270E99CA00A6E929 /* Sources */ = {
			isa = PBXSourcesBuildPhase;
			buildActionMask = 2147483647;
			files = (
				23BDA6DC270E99CA00A6E929 /* main.cpp in Sources */,
			);
			runOnlyForDeploymentPostprocessing = 0;
		};
		23BF99B22705E30200EB32C7 /* Sources */ = {
			isa = PBXSourcesBuildPhase;
			buildActionMask = 2147483647;
			files = (
				232F002A27061462002227DD /* NNT.cpp in Sources */,
			);
			runOnlyForDeploymentPostprocessing = 0;
		};
		23FF15C9271B1D2C002956A1 /* Sources */ = {
			isa = PBXSourcesBuildPhase;
			buildActionMask = 2147483647;
			files = (
				23FF15D0271B1D2C002956A1 /* main.cpp in Sources */,
			);
			runOnlyForDeploymentPostprocessing = 0;
		};
/* End PBXSourcesBuildPhase section */

/* Begin XCBuildConfiguration section */
		232206E2271C56150064089F /* Debug */ = {
			isa = XCBuildConfiguration;
			buildSettings = {
				CODE_SIGN_STYLE = Automatic;
				PRODUCT_NAME = "$(TARGET_NAME)";
			};
			name = Debug;
		};
		232206E3271C56150064089F /* Release */ = {
			isa = XCBuildConfiguration;
			buildSettings = {
				CODE_SIGN_STYLE = Automatic;
				PRODUCT_NAME = "$(TARGET_NAME)";
			};
			name = Release;
		};
		233E77F5271726A4008E5F89 /* Debug */ = {
			isa = XCBuildConfiguration;
			buildSettings = {
				CODE_SIGN_STYLE = Automatic;
				PRODUCT_NAME = "$(TARGET_NAME)";
			};
			name = Debug;
		};
		233E77F6271726A4008E5F89 /* Release */ = {
			isa = XCBuildConfiguration;
			buildSettings = {
				CODE_SIGN_STYLE = Automatic;
				PRODUCT_NAME = "$(TARGET_NAME)";
			};
			name = Release;
		};
		2387236A27103F4400A9EA67 /* Debug */ = {
			isa = XCBuildConfiguration;
			buildSettings = {
				CODE_SIGN_STYLE = Automatic;
				PRODUCT_NAME = "$(TARGET_NAME)";
			};
			name = Debug;
		};
		2387236B27103F4400A9EA67 /* Release */ = {
			isa = XCBuildConfiguration;
			buildSettings = {
				CODE_SIGN_STYLE = Automatic;
				PRODUCT_NAME = "$(TARGET_NAME)";
			};
			name = Release;
		};
		239B5750270DF30A00F8797F /* Debug */ = {
			isa = XCBuildConfiguration;
			buildSettings = {
				CODE_SIGN_STYLE = Automatic;
				PRODUCT_NAME = "$(TARGET_NAME)";
			};
			name = Debug;
		};
		239B5751270DF30A00F8797F /* Release */ = {
			isa = XCBuildConfiguration;
			buildSettings = {
				CODE_SIGN_STYLE = Automatic;
				PRODUCT_NAME = "$(TARGET_NAME)";
			};
			name = Release;
		};
		23BDA6DD270E99CA00A6E929 /* Debug */ = {
			isa = XCBuildConfiguration;
			buildSettings = {
				CODE_SIGN_STYLE = Automatic;
				PRODUCT_NAME = "$(TARGET_NAME)";
			};
			name = Debug;
		};
		23BDA6DE270E99CA00A6E929 /* Release */ = {
			isa = XCBuildConfiguration;
			buildSettings = {
				CODE_SIGN_STYLE = Automatic;
				PRODUCT_NAME = "$(TARGET_NAME)";
			};
			name = Release;
		};
		23BF99BB2705E30200EB32C7 /* Debug */ = {
			isa = XCBuildConfiguration;
			buildSettings = {
				ALWAYS_SEARCH_USER_PATHS = NO;
				CLANG_ANALYZER_NONNULL = YES;
				CLANG_ANALYZER_NUMBER_OBJECT_CONVERSION = YES_AGGRESSIVE;
				CLANG_CXX_LANGUAGE_STANDARD = "gnu++17";
				CLANG_CXX_LIBRARY = "libc++";
				CLANG_ENABLE_MODULES = YES;
				CLANG_ENABLE_OBJC_ARC = YES;
				CLANG_ENABLE_OBJC_WEAK = YES;
				CLANG_WARN_BLOCK_CAPTURE_AUTORELEASING = YES;
				CLANG_WARN_BOOL_CONVERSION = YES;
				CLANG_WARN_COMMA = YES;
				CLANG_WARN_CONSTANT_CONVERSION = YES;
				CLANG_WARN_DEPRECATED_OBJC_IMPLEMENTATIONS = YES;
				CLANG_WARN_DIRECT_OBJC_ISA_USAGE = YES_ERROR;
				CLANG_WARN_DOCUMENTATION_COMMENTS = YES;
				CLANG_WARN_EMPTY_BODY = YES;
				CLANG_WARN_ENUM_CONVERSION = YES;
				CLANG_WARN_INFINITE_RECURSION = YES;
				CLANG_WARN_INT_CONVERSION = YES;
				CLANG_WARN_NON_LITERAL_NULL_CONVERSION = YES;
				CLANG_WARN_OBJC_IMPLICIT_RETAIN_SELF = YES;
				CLANG_WARN_OBJC_LITERAL_CONVERSION = YES;
				CLANG_WARN_OBJC_ROOT_CLASS = YES_ERROR;
				CLANG_WARN_QUOTED_INCLUDE_IN_FRAMEWORK_HEADER = YES;
				CLANG_WARN_RANGE_LOOP_ANALYSIS = YES;
				CLANG_WARN_STRICT_PROTOTYPES = YES;
				CLANG_WARN_SUSPICIOUS_MOVE = YES;
				CLANG_WARN_UNGUARDED_AVAILABILITY = YES_AGGRESSIVE;
				CLANG_WARN_UNREACHABLE_CODE = YES;
				CLANG_WARN__DUPLICATE_METHOD_MATCH = YES;
				COPY_PHASE_STRIP = NO;
				DEBUG_INFORMATION_FORMAT = dwarf;
				ENABLE_STRICT_OBJC_MSGSEND = YES;
				ENABLE_TESTABILITY = YES;
				GCC_C_LANGUAGE_STANDARD = gnu11;
				GCC_DYNAMIC_NO_PIC = NO;
				GCC_NO_COMMON_BLOCKS = YES;
				GCC_OPTIMIZATION_LEVEL = 0;
				GCC_PREPROCESSOR_DEFINITIONS = (
					"DEBUG=1",
					"$(inherited)",
				);
				GCC_WARN_64_TO_32_BIT_CONVERSION = YES;
				GCC_WARN_ABOUT_RETURN_TYPE = YES_ERROR;
				GCC_WARN_UNDECLARED_SELECTOR = YES;
				GCC_WARN_UNINITIALIZED_AUTOS = YES_AGGRESSIVE;
				GCC_WARN_UNUSED_FUNCTION = YES;
				GCC_WARN_UNUSED_VARIABLE = YES;
				MACOSX_DEPLOYMENT_TARGET = 11.3;
				MTL_ENABLE_DEBUG_INFO = INCLUDE_SOURCE;
				MTL_FAST_MATH = YES;
				ONLY_ACTIVE_ARCH = YES;
				SDKROOT = macosx;
			};
			name = Debug;
		};
		23BF99BC2705E30200EB32C7 /* Release */ = {
			isa = XCBuildConfiguration;
			buildSettings = {
				ALWAYS_SEARCH_USER_PATHS = NO;
				CLANG_ANALYZER_NONNULL = YES;
				CLANG_ANALYZER_NUMBER_OBJECT_CONVERSION = YES_AGGRESSIVE;
				CLANG_CXX_LANGUAGE_STANDARD = "gnu++17";
				CLANG_CXX_LIBRARY = "libc++";
				CLANG_ENABLE_MODULES = YES;
				CLANG_ENABLE_OBJC_ARC = YES;
				CLANG_ENABLE_OBJC_WEAK = YES;
				CLANG_WARN_BLOCK_CAPTURE_AUTORELEASING = YES;
				CLANG_WARN_BOOL_CONVERSION = YES;
				CLANG_WARN_COMMA = YES;
				CLANG_WARN_CONSTANT_CONVERSION = YES;
				CLANG_WARN_DEPRECATED_OBJC_IMPLEMENTATIONS = YES;
				CLANG_WARN_DIRECT_OBJC_ISA_USAGE = YES_ERROR;
				CLANG_WARN_DOCUMENTATION_COMMENTS = YES;
				CLANG_WARN_EMPTY_BODY = YES;
				CLANG_WARN_ENUM_CONVERSION = YES;
				CLANG_WARN_INFINITE_RECURSION = YES;
				CLANG_WARN_INT_CONVERSION = YES;
				CLANG_WARN_NON_LITERAL_NULL_CONVERSION = YES;
				CLANG_WARN_OBJC_IMPLICIT_RETAIN_SELF = YES;
				CLANG_WARN_OBJC_LITERAL_CONVERSION = YES;
				CLANG_WARN_OBJC_ROOT_CLASS = YES_ERROR;
				CLANG_WARN_QUOTED_INCLUDE_IN_FRAMEWORK_HEADER = YES;
				CLANG_WARN_RANGE_LOOP_ANALYSIS = YES;
				CLANG_WARN_STRICT_PROTOTYPES = YES;
				CLANG_WARN_SUSPICIOUS_MOVE = YES;
				CLANG_WARN_UNGUARDED_AVAILABILITY = YES_AGGRESSIVE;
				CLANG_WARN_UNREACHABLE_CODE = YES;
				CLANG_WARN__DUPLICATE_METHOD_MATCH = YES;
				COPY_PHASE_STRIP = NO;
				DEBUG_INFORMATION_FORMAT = "dwarf-with-dsym";
				ENABLE_NS_ASSERTIONS = NO;
				ENABLE_STRICT_OBJC_MSGSEND = YES;
				GCC_C_LANGUAGE_STANDARD = gnu11;
				GCC_NO_COMMON_BLOCKS = YES;
				GCC_WARN_64_TO_32_BIT_CONVERSION = YES;
				GCC_WARN_ABOUT_RETURN_TYPE = YES_ERROR;
				GCC_WARN_UNDECLARED_SELECTOR = YES;
				GCC_WARN_UNINITIALIZED_AUTOS = YES_AGGRESSIVE;
				GCC_WARN_UNUSED_FUNCTION = YES;
				GCC_WARN_UNUSED_VARIABLE = YES;
				MACOSX_DEPLOYMENT_TARGET = 11.3;
				MTL_ENABLE_DEBUG_INFO = NO;
				MTL_FAST_MATH = YES;
				SDKROOT = macosx;
			};
			name = Release;
		};
		23BF99BE2705E30200EB32C7 /* Debug */ = {
			isa = XCBuildConfiguration;
			buildSettings = {
				CODE_SIGN_STYLE = Automatic;
				PRODUCT_NAME = "$(TARGET_NAME)";
			};
			name = Debug;
		};
		23BF99BF2705E30200EB32C7 /* Release */ = {
			isa = XCBuildConfiguration;
			buildSettings = {
				CODE_SIGN_STYLE = Automatic;
				PRODUCT_NAME = "$(TARGET_NAME)";
			};
			name = Release;
		};
		23FF15D1271B1D2C002956A1 /* Debug */ = {
			isa = XCBuildConfiguration;
			buildSettings = {
				CODE_SIGN_STYLE = Automatic;
				PRODUCT_NAME = "$(TARGET_NAME)";
			};
			name = Debug;
		};
		23FF15D2271B1D2C002956A1 /* Release */ = {
			isa = XCBuildConfiguration;
			buildSettings = {
				CODE_SIGN_STYLE = Automatic;
				PRODUCT_NAME = "$(TARGET_NAME)";
			};
			name = Release;
		};
/* End XCBuildConfiguration section */

/* Begin XCConfigurationList section */
		232206E4271C56150064089F /* Build configuration list for PBXNativeTarget "P1586" */ = {
			isa = XCConfigurationList;
			buildConfigurations = (
				232206E2271C56150064089F /* Debug */,
				232206E3271C56150064089F /* Release */,
			);
			defaultConfigurationIsVisible = 0;
			defaultConfigurationName = Release;
		};
		233E77F7271726A4008E5F89 /* Build configuration list for PBXNativeTarget "CF414B" */ = {
			isa = XCConfigurationList;
			buildConfigurations = (
				233E77F5271726A4008E5F89 /* Debug */,
				233E77F6271726A4008E5F89 /* Release */,
			);
			defaultConfigurationIsVisible = 0;
			defaultConfigurationName = Release;
		};
		2387236C27103F4400A9EA67 /* Build configuration list for PBXNativeTarget "P1057" */ = {
			isa = XCConfigurationList;
			buildConfigurations = (
				2387236A27103F4400A9EA67 /* Debug */,
				2387236B27103F4400A9EA67 /* Release */,
			);
			defaultConfigurationIsVisible = 0;
			defaultConfigurationName = Release;
		};
		239B574F270DF30A00F8797F /* Build configuration list for PBXNativeTarget "dp" */ = {
			isa = XCConfigurationList;
			buildConfigurations = (
				239B5750270DF30A00F8797F /* Debug */,
				239B5751270DF30A00F8797F /* Release */,
			);
			defaultConfigurationIsVisible = 0;
			defaultConfigurationName = Release;
		};
		23BDA6DF270E99CA00A6E929 /* Build configuration list for PBXNativeTarget "P1018" */ = {
			isa = XCConfigurationList;
			buildConfigurations = (
				23BDA6DD270E99CA00A6E929 /* Debug */,
				23BDA6DE270E99CA00A6E929 /* Release */,
			);
			defaultConfigurationIsVisible = 0;
			defaultConfigurationName = Release;
		};
		23BF99B12705E30200EB32C7 /* Build configuration list for PBXProject "Demo" */ = {
			isa = XCConfigurationList;
			buildConfigurations = (
				23BF99BB2705E30200EB32C7 /* Debug */,
				23BF99BC2705E30200EB32C7 /* Release */,
			);
			defaultConfigurationIsVisible = 0;
			defaultConfigurationName = Release;
		};
		23BF99BD2705E30200EB32C7 /* Build configuration list for PBXNativeTarget "Demo" */ = {
			isa = XCConfigurationList;
			buildConfigurations = (
				23BF99BE2705E30200EB32C7 /* Debug */,
				23BF99BF2705E30200EB32C7 /* Release */,
			);
			defaultConfigurationIsVisible = 0;
			defaultConfigurationName = Release;
		};
		23FF15D3271B1D2C002956A1 /* Build configuration list for PBXNativeTarget "P1077" */ = {
			isa = XCConfigurationList;
			buildConfigurations = (
				23FF15D1271B1D2C002956A1 /* Debug */,
				23FF15D2271B1D2C002956A1 /* Release */,
			);
			defaultConfigurationIsVisible = 0;
			defaultConfigurationName = Release;
		};
/* End XCConfigurationList section */
	};
	rootObject = 23BF99AE2705E30200EB32C7 /* Project object */;
}
